// !$*UTF8*$!
{
	archiveVersion = 1;
	classes = {
	};
	objectVersion = 51;
	objects = {

/* Begin PBXBuildFile section */
		6AC7F4F0CA2704AA4318B109 /* Pods_MovieWorld.framework in Frameworks */ = {isa = PBXBuildFile; fileRef = 69A9BFA2C9169D14BCBF2E97 /* Pods_MovieWorld.framework */; };
		843C7094242CE4E800BB603D /* MWMainAllMoviesViewController.swift in Sources */ = {isa = PBXBuildFile; fileRef = 843C7093242CE4E800BB603D /* MWMainAllMoviesViewController.swift */; };
		847EE33823F9587100BD3957 /* AppDelegate.swift in Sources */ = {isa = PBXBuildFile; fileRef = 847EE33723F9587100BD3957 /* AppDelegate.swift */; };
		847EE34123F9587400BD3957 /* Assets.xcassets in Resources */ = {isa = PBXBuildFile; fileRef = 847EE34023F9587400BD3957 /* Assets.xcassets */; };
		847EE34423F9587400BD3957 /* LaunchScreen.storyboard in Resources */ = {isa = PBXBuildFile; fileRef = 847EE34223F9587400BD3957 /* LaunchScreen.storyboard */; };
		8485EA0D24224B89001E6010 /* MWMainCollectionCell.swift in Sources */ = {isa = PBXBuildFile; fileRef = 8485EA0C24224B89001E6010 /* MWMainCollectionCell.swift */; };
		8485EA1224240208001E6010 /* MWMainTableHeader.swift in Sources */ = {isa = PBXBuildFile; fileRef = 8485EA1124240208001E6010 /* MWMainTableHeader.swift */; };
		8485EA1C24255AF8001E6010 /* MWEx+View.swift in Sources */ = {isa = PBXBuildFile; fileRef = 8485EA1B24255AF8001E6010 /* MWEx+View.swift */; };
		8485EA1E2428DC4B001E6010 /* MWMainTableCell.swift in Sources */ = {isa = PBXBuildFile; fileRef = 8485EA1D2428DC4B001E6010 /* MWMainTableCell.swift */; };
		8489CEFE2431C18300304B16 /* MWFilterCategoriesCollectionViewCell.swift in Sources */ = {isa = PBXBuildFile; fileRef = 8489CEFD2431C18300304B16 /* MWFilterCategoriesCollectionViewCell.swift */; };
		8489CF002431EDC200304B16 /* MWShadowView.swift in Sources */ = {isa = PBXBuildFile; fileRef = 8489CEFF2431EDC200304B16 /* MWShadowView.swift */; };
		8489CF222432224F00304B16 /* MWMovieCardTableViewCell.swift in Sources */ = {isa = PBXBuildFile; fileRef = 8489CF212432224E00304B16 /* MWMovieCardTableViewCell.swift */; };
		84E134D1241688F1001F2DC7 /* MWMainTabBarController.swift in Sources */ = {isa = PBXBuildFile; fileRef = 84E134D0241688F1001F2DC7 /* MWMainTabBarController.swift */; };
		84E134D32416890C001F2DC7 /* MWViewController.swift in Sources */ = {isa = PBXBuildFile; fileRef = 84E134D22416890C001F2DC7 /* MWViewController.swift */; };
		84E134D624168A13001F2DC7 /* MWSearchController.swift in Sources */ = {isa = PBXBuildFile; fileRef = 84E134D524168A13001F2DC7 /* MWSearchController.swift */; };
		84E134D824168A79001F2DC7 /* MWMainViewController.swift in Sources */ = {isa = PBXBuildFile; fileRef = 84E134D724168A79001F2DC7 /* MWMainViewController.swift */; };
		84E134DA24168A9D001F2DC7 /* MWCategoryController.swift in Sources */ = {isa = PBXBuildFile; fileRef = 84E134D924168A9D001F2DC7 /* MWCategoryController.swift */; };
		84E134DC24168ADF001F2DC7 /* Colors.xcassets in Resources */ = {isa = PBXBuildFile; fileRef = 84E134DB24168ADF001F2DC7 /* Colors.xcassets */; };
		84E684982400193B00755BF8 /* MWInterface.swift in Sources */ = {isa = PBXBuildFile; fileRef = 84E684972400193B00755BF8 /* MWInterface.swift */; };
		84FF135F242E3AD90001F722 /* MWMovieCardView.swift in Sources */ = {isa = PBXBuildFile; fileRef = 84FF135E242E3AD90001F722 /* MWMovieCardView.swift */; };
/* End PBXBuildFile section */

/* Begin PBXFileReference section */
		69A9BFA2C9169D14BCBF2E97 /* Pods_MovieWorld.framework */ = {isa = PBXFileReference; explicitFileType = wrapper.framework; includeInIndex = 0; path = Pods_MovieWorld.framework; sourceTree = BUILT_PRODUCTS_DIR; };
		7C7A201BC57725D86FEB0985 /* Pods-MovieWorld.release.xcconfig */ = {isa = PBXFileReference; includeInIndex = 1; lastKnownFileType = text.xcconfig; name = "Pods-MovieWorld.release.xcconfig"; path = "Target Support Files/Pods-MovieWorld/Pods-MovieWorld.release.xcconfig"; sourceTree = "<group>"; };
		843C7093242CE4E800BB603D /* MWMainAllMoviesViewController.swift */ = {isa = PBXFileReference; lastKnownFileType = sourcecode.swift; path = MWMainAllMoviesViewController.swift; sourceTree = "<group>"; };
		847EE33423F9587100BD3957 /* MovieWorld.app */ = {isa = PBXFileReference; explicitFileType = wrapper.application; includeInIndex = 0; path = MovieWorld.app; sourceTree = BUILT_PRODUCTS_DIR; };
		847EE33723F9587100BD3957 /* AppDelegate.swift */ = {isa = PBXFileReference; lastKnownFileType = sourcecode.swift; path = AppDelegate.swift; sourceTree = "<group>"; };
		847EE34023F9587400BD3957 /* Assets.xcassets */ = {isa = PBXFileReference; lastKnownFileType = folder.assetcatalog; path = Assets.xcassets; sourceTree = "<group>"; };
		847EE34323F9587400BD3957 /* Base */ = {isa = PBXFileReference; lastKnownFileType = file.storyboard; name = Base; path = Base.lproj/LaunchScreen.storyboard; sourceTree = "<group>"; };
		847EE34523F9587400BD3957 /* Info.plist */ = {isa = PBXFileReference; lastKnownFileType = text.plist.xml; path = Info.plist; sourceTree = "<group>"; };
		8485EA0C24224B89001E6010 /* MWMainCollectionCell.swift */ = {isa = PBXFileReference; lastKnownFileType = sourcecode.swift; path = MWMainCollectionCell.swift; sourceTree = "<group>"; };
		8485EA1124240208001E6010 /* MWMainTableHeader.swift */ = {isa = PBXFileReference; lastKnownFileType = sourcecode.swift; path = MWMainTableHeader.swift; sourceTree = "<group>"; };
		8485EA1B24255AF8001E6010 /* MWEx+View.swift */ = {isa = PBXFileReference; lastKnownFileType = sourcecode.swift; path = "MWEx+View.swift"; sourceTree = "<group>"; };
		8485EA1D2428DC4B001E6010 /* MWMainTableCell.swift */ = {isa = PBXFileReference; lastKnownFileType = sourcecode.swift; path = MWMainTableCell.swift; sourceTree = "<group>"; };
		8489CEFD2431C18300304B16 /* MWFilterCategoriesCollectionViewCell.swift */ = {isa = PBXFileReference; lastKnownFileType = sourcecode.swift; path = MWFilterCategoriesCollectionViewCell.swift; sourceTree = "<group>"; };
		8489CEFF2431EDC200304B16 /* MWShadowView.swift */ = {isa = PBXFileReference; lastKnownFileType = sourcecode.swift; path = MWShadowView.swift; sourceTree = "<group>"; };
		8489CF212432224E00304B16 /* MWMovieCardTableViewCell.swift */ = {isa = PBXFileReference; fileEncoding = 4; lastKnownFileType = sourcecode.swift; path = MWMovieCardTableViewCell.swift; sourceTree = "<group>"; };
		84E134D0241688F1001F2DC7 /* MWMainTabBarController.swift */ = {isa = PBXFileReference; lastKnownFileType = sourcecode.swift; path = MWMainTabBarController.swift; sourceTree = "<group>"; };
		84E134D22416890C001F2DC7 /* MWViewController.swift */ = {isa = PBXFileReference; lastKnownFileType = sourcecode.swift; path = MWViewController.swift; sourceTree = "<group>"; };
		84E134D524168A13001F2DC7 /* MWSearchController.swift */ = {isa = PBXFileReference; lastKnownFileType = sourcecode.swift; path = MWSearchController.swift; sourceTree = "<group>"; };
		84E134D724168A79001F2DC7 /* MWMainViewController.swift */ = {isa = PBXFileReference; lastKnownFileType = sourcecode.swift; path = MWMainViewController.swift; sourceTree = "<group>"; };
		84E134D924168A9D001F2DC7 /* MWCategoryController.swift */ = {isa = PBXFileReference; lastKnownFileType = sourcecode.swift; path = MWCategoryController.swift; sourceTree = "<group>"; };
		84E134DB24168ADF001F2DC7 /* Colors.xcassets */ = {isa = PBXFileReference; lastKnownFileType = folder.assetcatalog; path = Colors.xcassets; sourceTree = "<group>"; };
		84E684972400193B00755BF8 /* MWInterface.swift */ = {isa = PBXFileReference; lastKnownFileType = sourcecode.swift; path = MWInterface.swift; sourceTree = "<group>"; };
		84FF135E242E3AD90001F722 /* MWMovieCardView.swift */ = {isa = PBXFileReference; lastKnownFileType = sourcecode.swift; path = MWMovieCardView.swift; sourceTree = "<group>"; };
		F2A5631F07FF8D0036FC4678 /* Pods-MovieWorld.debug.xcconfig */ = {isa = PBXFileReference; includeInIndex = 1; lastKnownFileType = text.xcconfig; name = "Pods-MovieWorld.debug.xcconfig"; path = "Target Support Files/Pods-MovieWorld/Pods-MovieWorld.debug.xcconfig"; sourceTree = "<group>"; };
/* End PBXFileReference section */

/* Begin PBXFrameworksBuildPhase section */
		847EE33123F9587100BD3957 /* Frameworks */ = {
			isa = PBXFrameworksBuildPhase;
			buildActionMask = 2147483647;
			files = (
				6AC7F4F0CA2704AA4318B109 /* Pods_MovieWorld.framework in Frameworks */,
			);
			runOnlyForDeploymentPostprocessing = 0;
		};
/* End PBXFrameworksBuildPhase section */

/* Begin PBXGroup section */
		16D26E6EAA0F8C299C2EDF25 /* Pods */ = {
			isa = PBXGroup;
			children = (
				F2A5631F07FF8D0036FC4678 /* Pods-MovieWorld.debug.xcconfig */,
				7C7A201BC57725D86FEB0985 /* Pods-MovieWorld.release.xcconfig */,
			);
			path = Pods;
			sourceTree = "<group>";
		};
		507D02EE7B7EDA36123FC9F2 /* Frameworks */ = {
			isa = PBXGroup;
			children = (
				69A9BFA2C9169D14BCBF2E97 /* Pods_MovieWorld.framework */,
			);
			name = Frameworks;
			sourceTree = "<group>";
		};
		843C7092242CDFDC00BB603D /* CollectionViewCells */ = {
			isa = PBXGroup;
			children = (
				8485EA0C24224B89001E6010 /* MWMainCollectionCell.swift */,
			);
			path = CollectionViewCells;
			sourceTree = "<group>";
		};
		847EE32B23F9587100BD3957 = {
			isa = PBXGroup;
			children = (
				847EE33623F9587100BD3957 /* MovieWorld */,
				847EE33523F9587100BD3957 /* Products */,
				16D26E6EAA0F8C299C2EDF25 /* Pods */,
				507D02EE7B7EDA36123FC9F2 /* Frameworks */,
			);
			sourceTree = "<group>";
		};
		847EE33523F9587100BD3957 /* Products */ = {
			isa = PBXGroup;
			children = (
				847EE33423F9587100BD3957 /* MovieWorld.app */,
			);
			name = Products;
			sourceTree = "<group>";
		};
		847EE33623F9587100BD3957 /* MovieWorld */ = {
			isa = PBXGroup;
			children = (
				847EE34523F9587400BD3957 /* Info.plist */,
				847EE33723F9587100BD3957 /* AppDelegate.swift */,
				84E6848A2400141000755BF8 /* Common */,
				84E6848B2400143100755BF8 /* Features */,
				84E6848C2400148900755BF8 /* Utility */,
				84E6848D2400149F00755BF8 /* Extensions */,
				84E6848E240014BF00755BF8 /* Resources */,
			);
			path = MovieWorld;
			sourceTree = "<group>";
		};
		847EE34B23FAF6AA00BD3957 /* Controls */ = {
			isa = PBXGroup;
			children = (
				8485EA1A24255ADB001E6010 /* Views */,
				84E134D4241689A9001F2DC7 /* Cells */,
			);
			path = Controls;
			sourceTree = "<group>";
		};
		8485EA0B24224B25001E6010 /* TableViewCells */ = {
			isa = PBXGroup;
			children = (
				8485EA1D2428DC4B001E6010 /* MWMainTableCell.swift */,
			);
			path = TableViewCells;
			sourceTree = "<group>";
		};
		8485EA0E24224EE4001E6010 /* Views */ = {
			isa = PBXGroup;
			children = (
				8485EA1124240208001E6010 /* MWMainTableHeader.swift */,
			);
			path = Views;
			sourceTree = "<group>";
		};
		8485EA1A24255ADB001E6010 /* Views */ = {
			isa = PBXGroup;
			children = (
				8485EA1B24255AF8001E6010 /* MWEx+View.swift */,
				84FF135E242E3AD90001F722 /* MWMovieCardView.swift */,
				8489CEFF2431EDC200304B16 /* MWShadowView.swift */,
			);
			path = Views;
			sourceTree = "<group>";
		};
		84E134D4241689A9001F2DC7 /* Cells */ = {
			isa = PBXGroup;
			children = (
				8489CF212432224E00304B16 /* MWMovieCardTableViewCell.swift */,
				8489CEFD2431C18300304B16 /* MWFilterCategoriesCollectionViewCell.swift */,
			);
			path = Cells;
			sourceTree = "<group>";
		};
		84E6848A2400141000755BF8 /* Common */ = {
			isa = PBXGroup;
			children = (
				84E6848F2400153D00755BF8 /* Navigations */,
				84E684902400155900755BF8 /* Controllers */,
				847EE34B23FAF6AA00BD3957 /* Controls */,
			);
			path = Common;
			sourceTree = "<group>";
		};
		84E6848B2400143100755BF8 /* Features */ = {
			isa = PBXGroup;
			children = (
				84E68493240017A100755BF8 /* Main */,
				84E684922400177D00755BF8 /* Category */,
				84E684912400176C00755BF8 /* Search */,
			);
			path = Features;
			sourceTree = "<group>";
		};
		84E6848C2400148900755BF8 /* Utility */ = {
			isa = PBXGroup;
			children = (
			);
			path = Utility;
			sourceTree = "<group>";
		};
		84E6848D2400149F00755BF8 /* Extensions */ = {
			isa = PBXGroup;
			children = (
			);
			path = Extensions;
			sourceTree = "<group>";
		};
		84E6848E240014BF00755BF8 /* Resources */ = {
			isa = PBXGroup;
			children = (
				847EE34023F9587400BD3957 /* Assets.xcassets */,
				84E134DB24168ADF001F2DC7 /* Colors.xcassets */,
				847EE34223F9587400BD3957 /* LaunchScreen.storyboard */,
			);
			path = Resources;
			sourceTree = "<group>";
		};
		84E6848F2400153D00755BF8 /* Navigations */ = {
			isa = PBXGroup;
			children = (
				84E684972400193B00755BF8 /* MWInterface.swift */,
			);
			path = Navigations;
			sourceTree = "<group>";
		};
		84E684902400155900755BF8 /* Controllers */ = {
			isa = PBXGroup;
			children = (
				84E134D0241688F1001F2DC7 /* MWMainTabBarController.swift */,
				84E134D22416890C001F2DC7 /* MWViewController.swift */,
			);
			path = Controllers;
			sourceTree = "<group>";
		};
		84E684912400176C00755BF8 /* Search */ = {
			isa = PBXGroup;
			children = (
				84E68496240018BA00755BF8 /* Controllers */,
			);
			path = Search;
			sourceTree = "<group>";
		};
		84E684922400177D00755BF8 /* Category */ = {
			isa = PBXGroup;
			children = (
				84E68495240018B000755BF8 /* Controllers */,
			);
			path = Category;
			sourceTree = "<group>";
		};
		84E68493240017A100755BF8 /* Main */ = {
			isa = PBXGroup;
			children = (
				8485EA0E24224EE4001E6010 /* Views */,
				843C7092242CDFDC00BB603D /* CollectionViewCells */,
				8485EA0B24224B25001E6010 /* TableViewCells */,
				84E684942400189B00755BF8 /* Controllers */,
			);
			path = Main;
			sourceTree = "<group>";
		};
		84E684942400189B00755BF8 /* Controllers */ = {
			isa = PBXGroup;
			children = (
				84E134D724168A79001F2DC7 /* MWMainViewController.swift */,
				843C7093242CE4E800BB603D /* MWMainAllMoviesViewController.swift */,
			);
			path = Controllers;
			sourceTree = "<group>";
		};
		84E68495240018B000755BF8 /* Controllers */ = {
			isa = PBXGroup;
			children = (
				84E134D924168A9D001F2DC7 /* MWCategoryController.swift */,
			);
			path = Controllers;
			sourceTree = "<group>";
		};
		84E68496240018BA00755BF8 /* Controllers */ = {
			isa = PBXGroup;
			children = (
				84E134D524168A13001F2DC7 /* MWSearchController.swift */,
			);
			path = Controllers;
			sourceTree = "<group>";
		};
/* End PBXGroup section */

/* Begin PBXNativeTarget section */
		847EE33323F9587100BD3957 /* MovieWorld */ = {
			isa = PBXNativeTarget;
			buildConfigurationList = 847EE34823F9587400BD3957 /* Build configuration list for PBXNativeTarget "MovieWorld" */;
			buildPhases = (
				46D45F9349FF844A1262A09B /* [CP] Check Pods Manifest.lock */,
				847EE33023F9587100BD3957 /* Sources */,
				847EE33123F9587100BD3957 /* Frameworks */,
				847EE33223F9587100BD3957 /* Resources */,
				9E4BB934B966E9835867F564 /* [CP] Embed Pods Frameworks */,
			);
			buildRules = (
			);
			dependencies = (
			);
			name = MovieWorld;
			productName = MovieWorld;
			productReference = 847EE33423F9587100BD3957 /* MovieWorld.app */;
			productType = "com.apple.product-type.application";
		};
/* End PBXNativeTarget section */

/* Begin PBXProject section */
		847EE32C23F9587100BD3957 /* Project object */ = {
			isa = PBXProject;
			attributes = {
				LastSwiftUpdateCheck = 1130;
				LastUpgradeCheck = 1130;
				ORGANIZATIONNAME = Admin;
				TargetAttributes = {
					847EE33323F9587100BD3957 = {
						CreatedOnToolsVersion = 11.3.1;
					};
				};
			};
			buildConfigurationList = 847EE32F23F9587100BD3957 /* Build configuration list for PBXProject "MovieWorld" */;
			compatibilityVersion = "Xcode 9.3";
			developmentRegion = en;
			hasScannedForEncodings = 0;
			knownRegions = (
				en,
				Base,
			);
			mainGroup = 847EE32B23F9587100BD3957;
			productRefGroup = 847EE33523F9587100BD3957 /* Products */;
			projectDirPath = "";
			projectRoot = "";
			targets = (
				847EE33323F9587100BD3957 /* MovieWorld */,
			);
		};
/* End PBXProject section */

/* Begin PBXResourcesBuildPhase section */
		847EE33223F9587100BD3957 /* Resources */ = {
			isa = PBXResourcesBuildPhase;
			buildActionMask = 2147483647;
			files = (
				84E134DC24168ADF001F2DC7 /* Colors.xcassets in Resources */,
				847EE34423F9587400BD3957 /* LaunchScreen.storyboard in Resources */,
				847EE34123F9587400BD3957 /* Assets.xcassets in Resources */,
			);
			runOnlyForDeploymentPostprocessing = 0;
		};
/* End PBXResourcesBuildPhase section */

/* Begin PBXShellScriptBuildPhase section */
		46D45F9349FF844A1262A09B /* [CP] Check Pods Manifest.lock */ = {
			isa = PBXShellScriptBuildPhase;
			buildActionMask = 2147483647;
			files = (
			);
			inputFileListPaths = (
			);
			inputPaths = (
				"${PODS_PODFILE_DIR_PATH}/Podfile.lock",
				"${PODS_ROOT}/Manifest.lock",
			);
			name = "[CP] Check Pods Manifest.lock";
			outputFileListPaths = (
			);
			outputPaths = (
				"$(DERIVED_FILE_DIR)/Pods-MovieWorld-checkManifestLockResult.txt",
			);
			runOnlyForDeploymentPostprocessing = 0;
			shellPath = /bin/sh;
			shellScript = "diff \"${PODS_PODFILE_DIR_PATH}/Podfile.lock\" \"${PODS_ROOT}/Manifest.lock\" > /dev/null\nif [ $? != 0 ] ; then\n    # print error to STDERR\n    echo \"error: The sandbox is not in sync with the Podfile.lock. Run 'pod install' or update your CocoaPods installation.\" >&2\n    exit 1\nfi\n# This output is used by Xcode 'outputs' to avoid re-running this script phase.\necho \"SUCCESS\" > \"${SCRIPT_OUTPUT_FILE_0}\"\n";
			showEnvVarsInLog = 0;
		};
		9E4BB934B966E9835867F564 /* [CP] Embed Pods Frameworks */ = {
			isa = PBXShellScriptBuildPhase;
			buildActionMask = 2147483647;
			files = (
			);
			inputFileListPaths = (
				"${PODS_ROOT}/Target Support Files/Pods-MovieWorld/Pods-MovieWorld-frameworks-${CONFIGURATION}-input-files.xcfilelist",
			);
			name = "[CP] Embed Pods Frameworks";
			outputFileListPaths = (
				"${PODS_ROOT}/Target Support Files/Pods-MovieWorld/Pods-MovieWorld-frameworks-${CONFIGURATION}-output-files.xcfilelist",
			);
			runOnlyForDeploymentPostprocessing = 0;
			shellPath = /bin/sh;
			shellScript = "\"${PODS_ROOT}/Target Support Files/Pods-MovieWorld/Pods-MovieWorld-frameworks.sh\"\n";
			showEnvVarsInLog = 0;
		};
/* End PBXShellScriptBuildPhase section */

/* Begin PBXSourcesBuildPhase section */
		847EE33023F9587100BD3957 /* Sources */ = {
			isa = PBXSourcesBuildPhase;
			buildActionMask = 2147483647;
			files = (
				8485EA1224240208001E6010 /* MWMainTableHeader.swift in Sources */,
				8489CF222432224F00304B16 /* MWMovieCardTableViewCell.swift in Sources */,
				8485EA1E2428DC4B001E6010 /* MWMainTableCell.swift in Sources */,
				8485EA1C24255AF8001E6010 /* MWEx+View.swift in Sources */,
				84E134D32416890C001F2DC7 /* MWViewController.swift in Sources */,
				84E134D624168A13001F2DC7 /* MWSearchController.swift in Sources */,
				84E134DA24168A9D001F2DC7 /* MWCategoryController.swift in Sources */,
				8489CEFE2431C18300304B16 /* MWFilterCategoriesCollectionViewCell.swift in Sources */,
				843C7094242CE4E800BB603D /* MWMainAllMoviesViewController.swift in Sources */,
				84FF135F242E3AD90001F722 /* MWMovieCardView.swift in Sources */,
				84E134D1241688F1001F2DC7 /* MWMainTabBarController.swift in Sources */,
				8489CF002431EDC200304B16 /* MWShadowView.swift in Sources */,
				84E684982400193B00755BF8 /* MWInterface.swift in Sources */,
				8485EA0D24224B89001E6010 /* MWMainCollectionCell.swift in Sources */,
				84E134D824168A79001F2DC7 /* MWMainViewController.swift in Sources */,
				847EE33823F9587100BD3957 /* AppDelegate.swift in Sources */,
			);
			runOnlyForDeploymentPostprocessing = 0;
		};
/* End PBXSourcesBuildPhase section */

/* Begin PBXVariantGroup section */
		847EE34223F9587400BD3957 /* LaunchScreen.storyboard */ = {
			isa = PBXVariantGroup;
			children = (
				847EE34323F9587400BD3957 /* Base */,
			);
			name = LaunchScreen.storyboard;
			sourceTree = "<group>";
		};
/* End PBXVariantGroup section */

/* Begin XCBuildConfiguration section */
		847EE34623F9587400BD3957 /* Debug */ = {
			isa = XCBuildConfiguration;
			buildSettings = {
				ALWAYS_SEARCH_USER_PATHS = NO;
				CLANG_ANALYZER_NONNULL = YES;
				CLANG_ANALYZER_NUMBER_OBJECT_CONVERSION = YES_AGGRESSIVE;
				CLANG_CXX_LANGUAGE_STANDARD = "gnu++14";
				CLANG_CXX_LIBRARY = "libc++";
				CLANG_ENABLE_MODULES = YES;
				CLANG_ENABLE_OBJC_ARC = YES;
				CLANG_ENABLE_OBJC_WEAK = YES;
				CLANG_WARN_BLOCK_CAPTURE_AUTORELEASING = YES;
				CLANG_WARN_BOOL_CONVERSION = YES;
				CLANG_WARN_COMMA = YES;
				CLANG_WARN_CONSTANT_CONVERSION = YES;
				CLANG_WARN_DEPRECATED_OBJC_IMPLEMENTATIONS = YES;
				CLANG_WARN_DIRECT_OBJC_ISA_USAGE = YES_ERROR;
				CLANG_WARN_DOCUMENTATION_COMMENTS = YES;
				CLANG_WARN_EMPTY_BODY = YES;
				CLANG_WARN_ENUM_CONVERSION = YES;
				CLANG_WARN_INFINITE_RECURSION = YES;
				CLANG_WARN_INT_CONVERSION = YES;
				CLANG_WARN_NON_LITERAL_NULL_CONVERSION = YES;
				CLANG_WARN_OBJC_IMPLICIT_RETAIN_SELF = YES;
				CLANG_WARN_OBJC_LITERAL_CONVERSION = YES;
				CLANG_WARN_OBJC_ROOT_CLASS = YES_ERROR;
				CLANG_WARN_RANGE_LOOP_ANALYSIS = YES;
				CLANG_WARN_STRICT_PROTOTYPES = YES;
				CLANG_WARN_SUSPICIOUS_MOVE = YES;
				CLANG_WARN_UNGUARDED_AVAILABILITY = YES_AGGRESSIVE;
				CLANG_WARN_UNREACHABLE_CODE = YES;
				CLANG_WARN__DUPLICATE_METHOD_MATCH = YES;
				COPY_PHASE_STRIP = NO;
				DEBUG_INFORMATION_FORMAT = dwarf;
				ENABLE_STRICT_OBJC_MSGSEND = YES;
				ENABLE_TESTABILITY = YES;
				GCC_C_LANGUAGE_STANDARD = gnu11;
				GCC_DYNAMIC_NO_PIC = NO;
				GCC_NO_COMMON_BLOCKS = YES;
				GCC_OPTIMIZATION_LEVEL = 0;
				GCC_PREPROCESSOR_DEFINITIONS = (
					"DEBUG=1",
					"$(inherited)",
				);
				GCC_WARN_64_TO_32_BIT_CONVERSION = YES;
				GCC_WARN_ABOUT_RETURN_TYPE = YES_ERROR;
				GCC_WARN_UNDECLARED_SELECTOR = YES;
				GCC_WARN_UNINITIALIZED_AUTOS = YES_AGGRESSIVE;
				GCC_WARN_UNUSED_FUNCTION = YES;
				GCC_WARN_UNUSED_VARIABLE = YES;
				IPHONEOS_DEPLOYMENT_TARGET = 13.2;
				MTL_ENABLE_DEBUG_INFO = INCLUDE_SOURCE;
				MTL_FAST_MATH = YES;
				ONLY_ACTIVE_ARCH = YES;
				SDKROOT = iphoneos;
				SWIFT_ACTIVE_COMPILATION_CONDITIONS = DEBUG;
				SWIFT_OPTIMIZATION_LEVEL = "-Onone";
			};
			name = Debug;
		};
		847EE34723F9587400BD3957 /* Release */ = {
			isa = XCBuildConfiguration;
			buildSettings = {
				ALWAYS_SEARCH_USER_PATHS = NO;
				CLANG_ANALYZER_NONNULL = YES;
				CLANG_ANALYZER_NUMBER_OBJECT_CONVERSION = YES_AGGRESSIVE;
				CLANG_CXX_LANGUAGE_STANDARD = "gnu++14";
				CLANG_CXX_LIBRARY = "libc++";
				CLANG_ENABLE_MODULES = YES;
				CLANG_ENABLE_OBJC_ARC = YES;
				CLANG_ENABLE_OBJC_WEAK = YES;
				CLANG_WARN_BLOCK_CAPTURE_AUTORELEASING = YES;
				CLANG_WARN_BOOL_CONVERSION = YES;
				CLANG_WARN_COMMA = YES;
				CLANG_WARN_CONSTANT_CONVERSION = YES;
				CLANG_WARN_DEPRECATED_OBJC_IMPLEMENTATIONS = YES;
				CLANG_WARN_DIRECT_OBJC_ISA_USAGE = YES_ERROR;
				CLANG_WARN_DOCUMENTATION_COMMENTS = YES;
				CLANG_WARN_EMPTY_BODY = YES;
				CLANG_WARN_ENUM_CONVERSION = YES;
				CLANG_WARN_INFINITE_RECURSION = YES;
				CLANG_WARN_INT_CONVERSION = YES;
				CLANG_WARN_NON_LITERAL_NULL_CONVERSION = YES;
				CLANG_WARN_OBJC_IMPLICIT_RETAIN_SELF = YES;
				CLANG_WARN_OBJC_LITERAL_CONVERSION = YES;
				CLANG_WARN_OBJC_ROOT_CLASS = YES_ERROR;
				CLANG_WARN_RANGE_LOOP_ANALYSIS = YES;
				CLANG_WARN_STRICT_PROTOTYPES = YES;
				CLANG_WARN_SUSPICIOUS_MOVE = YES;
				CLANG_WARN_UNGUARDED_AVAILABILITY = YES_AGGRESSIVE;
				CLANG_WARN_UNREACHABLE_CODE = YES;
				CLANG_WARN__DUPLICATE_METHOD_MATCH = YES;
				COPY_PHASE_STRIP = NO;
				DEBUG_INFORMATION_FORMAT = "dwarf-with-dsym";
				ENABLE_NS_ASSERTIONS = NO;
				ENABLE_STRICT_OBJC_MSGSEND = YES;
				GCC_C_LANGUAGE_STANDARD = gnu11;
				GCC_NO_COMMON_BLOCKS = YES;
				GCC_WARN_64_TO_32_BIT_CONVERSION = YES;
				GCC_WARN_ABOUT_RETURN_TYPE = YES_ERROR;
				GCC_WARN_UNDECLARED_SELECTOR = YES;
				GCC_WARN_UNINITIALIZED_AUTOS = YES_AGGRESSIVE;
				GCC_WARN_UNUSED_FUNCTION = YES;
				GCC_WARN_UNUSED_VARIABLE = YES;
				IPHONEOS_DEPLOYMENT_TARGET = 13.2;
				MTL_ENABLE_DEBUG_INFO = NO;
				MTL_FAST_MATH = YES;
				SDKROOT = iphoneos;
				SWIFT_COMPILATION_MODE = wholemodule;
				SWIFT_OPTIMIZATION_LEVEL = "-O";
				VALIDATE_PRODUCT = YES;
			};
			name = Release;
		};
		847EE34923F9587400BD3957 /* Debug */ = {
			isa = XCBuildConfiguration;
			baseConfigurationReference = F2A5631F07FF8D0036FC4678 /* Pods-MovieWorld.debug.xcconfig */;
			buildSettings = {
				ASSETCATALOG_COMPILER_APPICON_NAME = AppIcon;
				CODE_SIGN_STYLE = Automatic;
				INFOPLIST_FILE = MovieWorld/Info.plist;
				IPHONEOS_DEPLOYMENT_TARGET = 13.0;
				LD_RUNPATH_SEARCH_PATHS = (
					"$(inherited)",
					"@executable_path/Frameworks",
				);
				PRODUCT_BUNDLE_IDENTIFIER = by.makarevich.MovieWorld;
				PRODUCT_NAME = "$(TARGET_NAME)";
				SWIFT_VERSION = 5.0;
				TARGETED_DEVICE_FAMILY = 1;
			};
			name = Debug;
		};
		847EE34A23F9587400BD3957 /* Release */ = {
			isa = XCBuildConfiguration;
			baseConfigurationReference = 7C7A201BC57725D86FEB0985 /* Pods-MovieWorld.release.xcconfig */;
			buildSettings = {
				ASSETCATALOG_COMPILER_APPICON_NAME = AppIcon;
				CODE_SIGN_STYLE = Automatic;
				INFOPLIST_FILE = MovieWorld/Info.plist;
				IPHONEOS_DEPLOYMENT_TARGET = 13.0;
				LD_RUNPATH_SEARCH_PATHS = (
					"$(inherited)",
					"@executable_path/Frameworks",
				);
				PRODUCT_BUNDLE_IDENTIFIER = by.makarevich.MovieWorld;
				PRODUCT_NAME = "$(TARGET_NAME)";
				SWIFT_VERSION = 5.0;
				TARGETED_DEVICE_FAMILY = 1;
			};
			name = Release;
		};
/* End XCBuildConfiguration section */

/* Begin XCConfigurationList section */
		847EE32F23F9587100BD3957 /* Build configuration list for PBXProject "MovieWorld" */ = {
			isa = XCConfigurationList;
			buildConfigurations = (
				847EE34623F9587400BD3957 /* Debug */,
				847EE34723F9587400BD3957 /* Release */,
			);
			defaultConfigurationIsVisible = 0;
			defaultConfigurationName = Release;
		};
		847EE34823F9587400BD3957 /* Build configuration list for PBXNativeTarget "MovieWorld" */ = {
			isa = XCConfigurationList;
			buildConfigurations = (
				847EE34923F9587400BD3957 /* Debug */,
				847EE34A23F9587400BD3957 /* Release */,
			);
			defaultConfigurationIsVisible = 0;
			defaultConfigurationName = Release;
		};
/* End XCConfigurationList section */
	};
	rootObject = 847EE32C23F9587100BD3957 /* Project object */;
}
